
Microsoft Visual Studio Solution File, Format Version 12.00
# Visual Studio Version 17
VisualStudioVersion = 17.5.33424.131
MinimumVisualStudioVersion = 10.0.40219.1
Project("{FAE04EC0-301F-11D3-BF4B-00C04F79EFBC}") = "AssignmentPiSecurities", "AssignmentPiSecurities.csproj", "{B3F05AED-0B16-491E-B2FE-5E369B0304E4}"
EndProject
Project("{2150E333-8FDC-42A3-9474-1A3956D46DE8}") = "Services", "Services", "{5EB201F4-F82D-465D-B8CD-3D1D8759F3CB}"
EndProject
Project("{2150E333-8FDC-42A3-9474-1A3956D46DE8}") = "DataAccess", "DataAccess", "{DBDB719B-21DA-42D1-B9B4-1BBCE3B89FCB}"
EndProject
Project("{2150E333-8FDC-42A3-9474-1A3956D46DE8}") = "Core", "Core", "{AB76C3AA-1964-4BF6-94C4-F5CC167013FC}"
EndProject
Project("{2150E333-8FDC-42A3-9474-1A3956D46DE8}") = "Common", "Common", "{955AE0EC-2789-49F3-8DF6-2BDA65FBCAD6}"
EndProject
Project("{FAE04EC0-301F-11D3-BF4B-00C04F79EFBC}") = "Pi.Services", "..\Pi.Services\Pi.Services.csproj", "{69E83CE4-3F6D-494A-956A-D9B169FCBB29}"
EndProject
Project("{FAE04EC0-301F-11D3-BF4B-00C04F79EFBC}") = "Pi.Repositories", "..\Pi.Repositories\Pi.Repositories.csproj", "{E2C9700F-7A86-44EB-845B-A67935A465B9}"
EndProject
Project("{2150E333-8FDC-42A3-9474-1A3956D46DE8}") = "Interfaces", "Interfaces", "{AAD94FDC-64E9-4E87-B71F-8A616F6A821A}"
EndProject
Project("{FAE04EC0-301F-11D3-BF4B-00C04F79EFBC}") = "Pi.Interfaces", "..\Pi.Interfaces\Pi.Interfaces.csproj", "{D95D6C42-CB51-417F-ADF9-97C7D8B962B3}"
EndProject
Project("{2150E333-8FDC-42A3-9474-1A3956D46DE8}") = "Models", "Models", "{B3BD256E-79EB-4D5E-8A96-E27AAE35C84A}"
EndProject
Project("{FAE04EC0-301F-11D3-BF4B-00C04F79EFBC}") = "Pi.Models", "..\Pi.Models\Pi.Models.csproj", "{8CE8492B-0763-494D-BDBB-82B7CA7484BF}"
EndProject
Global
	GlobalSection(SolutionConfigurationPlatforms) = preSolution
		Debug|Any CPU = Debug|Any CPU
		Release|Any CPU = Release|Any CPU
	EndGlobalSection
	GlobalSection(ProjectConfigurationPlatforms) = postSolution
		{B3F05AED-0B16-491E-B2FE-5E369B0304E4}.Debug|Any CPU.ActiveCfg = Debug|Any CPU
		{B3F05AED-0B16-491E-B2FE-5E369B0304E4}.Debug|Any CPU.Build.0 = Debug|Any CPU
		{B3F05AED-0B16-491E-B2FE-5E369B0304E4}.Release|Any CPU.ActiveCfg = Release|Any CPU
		{B3F05AED-0B16-491E-B2FE-5E369B0304E4}.Release|Any CPU.Build.0 = Release|Any CPU
		{69E83CE4-3F6D-494A-956A-D9B169FCBB29}.Debug|Any CPU.ActiveCfg = Debug|Any CPU
		{69E83CE4-3F6D-494A-956A-D9B169FCBB29}.Debug|Any CPU.Build.0 = Debug|Any CPU
		{69E83CE4-3F6D-494A-956A-D9B169FCBB29}.Release|Any CPU.ActiveCfg = Release|Any CPU
		{69E83CE4-3F6D-494A-956A-D9B169FCBB29}.Release|Any CPU.Build.0 = Release|Any CPU
		{E2C9700F-7A86-44EB-845B-A67935A465B9}.Debug|Any CPU.ActiveCfg = Debug|Any CPU
		{E2C9700F-7A86-44EB-845B-A67935A465B9}.Debug|Any CPU.Build.0 = Debug|Any CPU
		{E2C9700F-7A86-44EB-845B-A67935A465B9}.Release|Any CPU.ActiveCfg = Release|Any CPU
		{E2C9700F-7A86-44EB-845B-A67935A465B9}.Release|Any CPU.Build.0 = Release|Any CPU
		{D95D6C42-CB51-417F-ADF9-97C7D8B962B3}.Debug|Any CPU.ActiveCfg = Debug|Any CPU
		{D95D6C42-CB51-417F-ADF9-97C7D8B962B3}.Debug|Any CPU.Build.0 = Debug|Any CPU
		{D95D6C42-CB51-417F-ADF9-97C7D8B962B3}.Release|Any CPU.ActiveCfg = Release|Any CPU
		{D95D6C42-CB51-417F-ADF9-97C7D8B962B3}.Release|Any CPU.Build.0 = Release|Any CPU
		{8CE8492B-0763-494D-BDBB-82B7CA7484BF}.Debug|Any CPU.ActiveCfg = Debug|Any CPU
		{8CE8492B-0763-494D-BDBB-82B7CA7484BF}.Debug|Any CPU.Build.0 = Debug|Any CPU
		{8CE8492B-0763-494D-BDBB-82B7CA7484BF}.Release|Any CPU.ActiveCfg = Release|Any CPU
		{8CE8492B-0763-494D-BDBB-82B7CA7484BF}.Release|Any CPU.Build.0 = Release|Any CPU
	EndGlobalSection
	GlobalSection(SolutionProperties) = preSolution
		HideSolutionNode = FALSE
	EndGlobalSection
	GlobalSection(NestedProjects) = preSolution
		{955AE0EC-2789-49F3-8DF6-2BDA65FBCAD6} = {AB76C3AA-1964-4BF6-94C4-F5CC167013FC}
		{69E83CE4-3F6D-494A-956A-D9B169FCBB29} = {5EB201F4-F82D-465D-B8CD-3D1D8759F3CB}
		{E2C9700F-7A86-44EB-845B-A67935A465B9} = {DBDB719B-21DA-42D1-B9B4-1BBCE3B89FCB}
		{D95D6C42-CB51-417F-ADF9-97C7D8B962B3} = {AAD94FDC-64E9-4E87-B71F-8A616F6A821A}
		{B3BD256E-79EB-4D5E-8A96-E27AAE35C84A} = {AB76C3AA-1964-4BF6-94C4-F5CC167013FC}
		{8CE8492B-0763-494D-BDBB-82B7CA7484BF} = {B3BD256E-79EB-4D5E-8A96-E27AAE35C84A}
	EndGlobalSection
	GlobalSection(ExtensibilityGlobals) = postSolution
		SolutionGuid = {06850C8F-9192-441E-9E9A-5F3FD727C4E6}
	EndGlobalSection
EndGlobal
