
Microsoft Visual Studio Solution File, Format Version 12.00
# Visual Studio Version 17
VisualStudioVersion = 17.5.33424.131
MinimumVisualStudioVersion = 10.0.40219.1
Project("{FAE04EC0-301F-11D3-BF4B-00C04F79EFBC}") = "AssignmentPiSecurities", "AssignmentPiSecurities.csproj", "{B3F05AED-0B16-491E-B2FE-5E369B0304E4}"
EndProject
Global
	GlobalSection(SolutionConfigurationPlatforms) = preSolution
		Debug|Any CPU = Debug|Any CPU
		Release|Any CPU = Release|Any CPU
	EndGlobalSection
	GlobalSection(ProjectConfigurationPlatforms) = postSolution
		{B3F05AED-0B16-491E-B2FE-5E369B0304E4}.Debug|Any CPU.ActiveCfg = Debug|Any CPU
		{B3F05AED-0B16-491E-B2FE-5E369B0304E4}.Debug|Any CPU.Build.0 = Debug|Any CPU
		{B3F05AED-0B16-491E-B2FE-5E369B0304E4}.Release|Any CPU.ActiveCfg = Release|Any CPU
		{B3F05AED-0B16-491E-B2FE-5E369B0304E4}.Release|Any CPU.Build.0 = Release|Any CPU
	EndGlobalSection
	GlobalSection(SolutionProperties) = preSolution
		HideSolutionNode = FALSE
	EndGlobalSection
	GlobalSection(ExtensibilityGlobals) = postSolution
		SolutionGuid = {06850C8F-9192-441E-9E9A-5F3FD727C4E6}
	EndGlobalSection
EndGlobal
